<?xml version="1.0" encoding="utf-8"?>
<Project ToolsVersion="4.0" xmlns="http://schemas.microsoft.com/developer/msbuild/2003">
  <ItemGroup>
    <Filter Include="Source Files">
      <UniqueIdentifier>{4FC737F1-C7A5-4376-A066-2A32D752A2FF}</UniqueIdentifier>
      <Extensions>cpp;c;cc;cxx;c++;cppm;ixx;def;odl;idl;hpj;bat;asm;asmx</Extensions>
    </Filter>
    <Filter Include="Header Files">
      <UniqueIdentifier>{93995380-89BD-4b04-88EB-625FBE52EBFB}</UniqueIdentifier>
      <Extensions>h;hh;hpp;hxx;h++;hm;inl;inc;ipp;xsd</Extensions>
    </Filter>
    <Filter Include="Resource Files">
      <UniqueIdentifier>{67DA6AB6-F800-4c08-8B7A-83BB121AAD01}</UniqueIdentifier>
      <Extensions>rc;ico;cur;bmp;dlg;rc2;rct;bin;rgs;gif;jpg;jpeg;jpe;resx;tiff;tif;png;wav;mfcribbon-ms</Extensions>
    </Filter>
    <Filter Include="imguifiles">
      <UniqueIdentifier>{389aeed7-0cbc-4682-9130-33ff6ab80a35}</UniqueIdentifier>
    </Filter>
  </ItemGroup>
  <ItemGroup>
    <ClCompile Include="main.cpp">
      <Filter>Source Files</Filter>
    </ClCompile>
    <ClCompile Include="Renderer.cpp">
      <Filter>Source Files</Filter>
    </ClCompile>
    <ClCompile Include="VulkanContext.cpp">
      <Filter>Source Files</Filter>
    </ClCompile>
    <ClCompile Include="Swapchain.cpp">
      <Filter>Source Files</Filter>
    </ClCompile>
    <ClCompile Include="Vertex.cpp">
      <Filter>Source Files</Filter>
    </ClCompile>
    <ClCompile Include="Image.cpp">
      <Filter>Source Files</Filter>
    </ClCompile>
    <ClCompile Include="BufferUtils.cpp">
      <Filter>Source Files</Filter>
    </ClCompile>
    <ClCompile Include="CommandPool.cpp">
      <Filter>Source Files</Filter>
    </ClCompile>
    <ClCompile Include="GraphicsState.cpp">
      <Filter>Source Files</Filter>
    </ClCompile>
    <ClCompile Include="RenderObject.cpp">
      <Filter>Source Files</Filter>
    </ClCompile>
    <ClCompile Include="FrameData.cpp">
      <Filter>Source Files</Filter>
    </ClCompile>
    <ClCompile Include="ImGuiRenderer.cpp">
      <Filter>Source Files</Filter>
    </ClCompile>
    <ClCompile Include="Camera.cpp">
      <Filter>Source Files</Filter>
    </ClCompile>
    <ClCompile Include="..\..\..\ExternalDependencies\imgui-docking\imgui.cpp">
      <Filter>imguifiles</Filter>
    </ClCompile>
    <ClCompile Include="..\..\..\ExternalDependencies\imgui-docking\imgui_demo.cpp">
      <Filter>imguifiles</Filter>
    </ClCompile>
    <ClCompile Include="..\..\..\ExternalDependencies\imgui-docking\imgui_draw.cpp">
      <Filter>imguifiles</Filter>
    </ClCompile>
    <ClCompile Include="..\..\..\ExternalDependencies\imgui-docking\imgui_tables.cpp">
      <Filter>imguifiles</Filter>
    </ClCompile>
    <ClCompile Include="..\..\..\ExternalDependencies\imgui-docking\imgui_widgets.cpp">
      <Filter>imguifiles</Filter>
    </ClCompile>
    <ClCompile Include="..\..\..\ExternalDependencies\imgui-docking\backends\imgui_impl_glfw.cpp">
      <Filter>imguifiles</Filter>
    </ClCompile>
    <ClCompile Include="..\..\..\ExternalDependencies\imgui-docking\backends\imgui_impl_vulkan.cpp">
      <Filter>imguifiles</Filter>
    </ClCompile>
  </ItemGroup>
  <ItemGroup>
    <ClInclude Include="Renderer.h">
      <Filter>Header Files</Filter>
    </ClInclude>
    <ClInclude Include="VulkanContext.h">
      <Filter>Header Files</Filter>
    </ClInclude>
    <ClInclude Include="Swapchain.h">
      <Filter>Header Files</Filter>
    </ClInclude>
    <ClInclude Include="Vertex.h">
      <Filter>Header Files</Filter>
    </ClInclude>
    <ClInclude Include="Image.h">
      <Filter>Header Files</Filter>
    </ClInclude>
    <ClInclude Include="BufferUtils.h">
      <Filter>Header Files</Filter>
    </ClInclude>
    <ClInclude Include="CommandPool.h">
      <Filter>Header Files</Filter>
    </ClInclude>
    <ClInclude Include="GraphicsState.h">
      <Filter>Header Files</Filter>
    </ClInclude>
    <ClInclude Include="RenderObject.h">
      <Filter>Header Files</Filter>
    </ClInclude>
    <ClInclude Include="FrameData.h">
      <Filter>Header Files</Filter>
    </ClInclude>
    <ClInclude Include="ImGuiRenderer.h">
      <Filter>Header Files</Filter>
    </ClInclude>
    <ClInclude Include="Camera.h">
      <Filter>Header Files</Filter>
    </ClInclude>
    <ClInclude Include="..\..\..\ExternalDependencies\imgui-docking\imgui.h">
      <Filter>imguifiles</Filter>
    </ClInclude>
    <ClInclude Include="..\..\..\ExternalDependencies\imgui-docking\imgui_internal.h">
      <Filter>imguifiles</Filter>
    </ClInclude>
    <ClInclude Include="..\..\..\ExternalDependencies\imgui-docking\imstb_rectpack.h">
      <Filter>imguifiles</Filter>
    </ClInclude>
    <ClInclude Include="..\..\..\ExternalDependencies\imgui-docking\imstb_textedit.h">
      <Filter>imguifiles</Filter>
    </ClInclude>
    <ClInclude Include="..\..\..\ExternalDependencies\imgui-docking\imstb_truetype.h">
      <Filter>imguifiles</Filter>
    </ClInclude>
    <ClInclude Include="..\..\..\ExternalDependencies\imgui-docking\backends\imgui_impl_glfw.h">
      <Filter>imguifiles</Filter>
    </ClInclude>
    <ClInclude Include="..\..\..\ExternalDependencies\imgui-docking\backends\imgui_impl_vulkan.h">
      <Filter>imguifiles</Filter>
    </ClInclude>
  </ItemGroup>
</Project>